// !$*UTF8*$!
{
	archiveVersion = 1;
	classes = {
	};
	objectVersion = 50;
	objects = {

/* Begin PBXBuildFile section */
		6B9D1338219EB432006AA998 /* AppDelegate.swift in Sources */ = {isa = PBXBuildFile; fileRef = 6B9D1337219EB432006AA998 /* AppDelegate.swift */; };
		6B9D133A219EB432006AA998 /* ViewController.swift in Sources */ = {isa = PBXBuildFile; fileRef = 6B9D1339219EB432006AA998 /* ViewController.swift */; };
		6B9D133D219EB432006AA998 /* Main.storyboard in Resources */ = {isa = PBXBuildFile; fileRef = 6B9D133B219EB432006AA998 /* Main.storyboard */; };
		6B9D133F219EB435006AA998 /* Assets.xcassets in Resources */ = {isa = PBXBuildFile; fileRef = 6B9D133E219EB435006AA998 /* Assets.xcassets */; };
		6B9D1342219EB435006AA998 /* LaunchScreen.storyboard in Resources */ = {isa = PBXBuildFile; fileRef = 6B9D1340219EB435006AA998 /* LaunchScreen.storyboard */; };
		6B9D134D219EB435006AA998 /* DemoDay1Tests.swift in Sources */ = {isa = PBXBuildFile; fileRef = 6B9D134C219EB435006AA998 /* DemoDay1Tests.swift */; };
		6B9D1358219EB435006AA998 /* DemoDay1UITests.swift in Sources */ = {isa = PBXBuildFile; fileRef = 6B9D1357219EB435006AA998 /* DemoDay1UITests.swift */; };
/* End PBXBuildFile section */

/* Begin PBXContainerItemProxy section */
		6B9D1349219EB435006AA998 /* PBXContainerItemProxy */ = {
			isa = PBXContainerItemProxy;
			containerPortal = 6B9D132C219EB432006AA998 /* Project object */;
			proxyType = 1;
			remoteGlobalIDString = 6B9D1333219EB432006AA998;
			remoteInfo = DemoDay1;
		};
		6B9D1354219EB435006AA998 /* PBXContainerItemProxy */ = {
			isa = PBXContainerItemProxy;
			containerPortal = 6B9D132C219EB432006AA998 /* Project object */;
			proxyType = 1;
			remoteGlobalIDString = 6B9D1333219EB432006AA998;
			remoteInfo = DemoDay1;
		};
/* End PBXContainerItemProxy section */

/* Begin PBXFileReference section */
		6B9D1334219EB432006AA998 /* DemoDay1.app */ = {isa = PBXFileReference; explicitFileType = wrapper.application; includeInIndex = 0; path = DemoDay1.app; sourceTree = BUILT_PRODUCTS_DIR; };
		6B9D1337219EB432006AA998 /* AppDelegate.swift */ = {isa = PBXFileReference; lastKnownFileType = sourcecode.swift; path = AppDelegate.swift; sourceTree = "<group>"; };
		6B9D1339219EB432006AA998 /* ViewController.swift */ = {isa = PBXFileReference; lastKnownFileType = sourcecode.swift; path = ViewController.swift; sourceTree = "<group>"; };
		6B9D133C219EB432006AA998 /* Base */ = {isa = PBXFileReference; lastKnownFileType = file.storyboard; name = Base; path = Base.lproj/Main.storyboard; sourceTree = "<group>"; };
		6B9D133E219EB435006AA998 /* Assets.xcassets */ = {isa = PBXFileReference; lastKnownFileType = folder.assetcatalog; path = Assets.xcassets; sourceTree = "<group>"; };
		6B9D1341219EB435006AA998 /* Base */ = {isa = PBXFileReference; lastKnownFileType = file.storyboard; name = Base; path = Base.lproj/LaunchScreen.storyboard; sourceTree = "<group>"; };
		6B9D1343219EB435006AA998 /* Info.plist */ = {isa = PBXFileReference; lastKnownFileType = text.plist.xml; path = Info.plist; sourceTree = "<group>"; };
		6B9D1348219EB435006AA998 /* DemoDay1Tests.xctest */ = {isa = PBXFileReference; explicitFileType = wrapper.cfbundle; includeInIndex = 0; path = DemoDay1Tests.xctest; sourceTree = BUILT_PRODUCTS_DIR; };
		6B9D134C219EB435006AA998 /* DemoDay1Tests.swift */ = {isa = PBXFileReference; lastKnownFileType = sourcecode.swift; path = DemoDay1Tests.swift; sourceTree = "<group>"; };
		6B9D134E219EB435006AA998 /* Info.plist */ = {isa = PBXFileReference; lastKnownFileType = text.plist.xml; path = Info.plist; sourceTree = "<group>"; };
		6B9D1353219EB435006AA998 /* DemoDay1UITests.xctest */ = {isa = PBXFileReference; explicitFileType = wrapper.cfbundle; includeInIndex = 0; path = DemoDay1UITests.xctest; sourceTree = BUILT_PRODUCTS_DIR; };
		6B9D1357219EB435006AA998 /* DemoDay1UITests.swift */ = {isa = PBXFileReference; lastKnownFileType = sourcecode.swift; path = DemoDay1UITests.swift; sourceTree = "<group>"; };
		6B9D1359219EB435006AA998 /* Info.plist */ = {isa = PBXFileReference; lastKnownFileType = text.plist.xml; path = Info.plist; sourceTree = "<group>"; };
/* End PBXFileReference section */

/* Begin PBXFrameworksBuildPhase section */
		6B9D1331219EB432006AA998 /* Frameworks */ = {
			isa = PBXFrameworksBuildPhase;
			buildActionMask = 2147483647;
			files = (
			);
			runOnlyForDeploymentPostprocessing = 0;
		};
		6B9D1345219EB435006AA998 /* Frameworks */ = {
			isa = PBXFrameworksBuildPhase;
			buildActionMask = 2147483647;
			files = (
			);
			runOnlyForDeploymentPostprocessing = 0;
		};
		6B9D1350219EB435006AA998 /* Frameworks */ = {
			isa = PBXFrameworksBuildPhase;
			buildActionMask = 2147483647;
			files = (
			);
			runOnlyForDeploymentPostprocessing = 0;
		};
/* End PBXFrameworksBuildPhase section */

/* Begin PBXGroup section */
		6B9D132B219EB432006AA998 = {
			isa = PBXGroup;
			children = (
				6B9D1336219EB432006AA998 /* DemoDay1 */,
				6B9D134B219EB435006AA998 /* DemoDay1Tests */,
				6B9D1356219EB435006AA998 /* DemoDay1UITests */,
				6B9D1335219EB432006AA998 /* Products */,
			);
			sourceTree = "<group>";
		};
		6B9D1335219EB432006AA998 /* Products */ = {
			isa = PBXGroup;
			children = (
				6B9D1334219EB432006AA998 /* DemoDay1.app */,
				6B9D1348219EB435006AA998 /* DemoDay1Tests.xctest */,
				6B9D1353219EB435006AA998 /* DemoDay1UITests.xctest */,
			);
			name = Products;
			sourceTree = "<group>";
		};
		6B9D1336219EB432006AA998 /* DemoDay1 */ = {
			isa = PBXGroup;
			children = (
				6B9D1337219EB432006AA998 /* AppDelegate.swift */,
				6B9D1339219EB432006AA998 /* ViewController.swift */,
				6B9D133B219EB432006AA998 /* Main.storyboard */,
				6B9D133E219EB435006AA998 /* Assets.xcassets */,
				6B9D1340219EB435006AA998 /* LaunchScreen.storyboard */,
				6B9D1343219EB435006AA998 /* Info.plist */,
			);
			path = DemoDay1;
			sourceTree = "<group>";
		};
		6B9D134B219EB435006AA998 /* DemoDay1Tests */ = {
			isa = PBXGroup;
			children = (
				6B9D134C219EB435006AA998 /* DemoDay1Tests.swift */,
				6B9D134E219EB435006AA998 /* Info.plist */,
			);
			path = DemoDay1Tests;
			sourceTree = "<group>";
		};
		6B9D1356219EB435006AA998 /* DemoDay1UITests */ = {
			isa = PBXGroup;
			children = (
				6B9D1357219EB435006AA998 /* DemoDay1UITests.swift */,
				6B9D1359219EB435006AA998 /* Info.plist */,
			);
			path = DemoDay1UITests;
			sourceTree = "<group>";
		};
/* End PBXGroup section */

/* Begin PBXNativeTarget section */
		6B9D1333219EB432006AA998 /* DemoDay1 */ = {
			isa = PBXNativeTarget;
			buildConfigurationList = 6B9D135C219EB435006AA998 /* Build configuration list for PBXNativeTarget "DemoDay1" */;
			buildPhases = (
				6B9D1330219EB432006AA998 /* Sources */,
				6B9D1331219EB432006AA998 /* Frameworks */,
				6B9D1332219EB432006AA998 /* Resources */,
			);
			buildRules = (
			);
			dependencies = (
			);
			name = DemoDay1;
			productName = DemoDay1;
			productReference = 6B9D1334219EB432006AA998 /* DemoDay1.app */;
			productType = "com.apple.product-type.application";
		};
		6B9D1347219EB435006AA998 /* DemoDay1Tests */ = {
			isa = PBXNativeTarget;
			buildConfigurationList = 6B9D135F219EB435006AA998 /* Build configuration list for PBXNativeTarget "DemoDay1Tests" */;
			buildPhases = (
				6B9D1344219EB435006AA998 /* Sources */,
				6B9D1345219EB435006AA998 /* Frameworks */,
				6B9D1346219EB435006AA998 /* Resources */,
			);
			buildRules = (
			);
			dependencies = (
				6B9D134A219EB435006AA998 /* PBXTargetDependency */,
			);
			name = DemoDay1Tests;
			productName = DemoDay1Tests;
			productReference = 6B9D1348219EB435006AA998 /* DemoDay1Tests.xctest */;
			productType = "com.apple.product-type.bundle.unit-test";
		};
		6B9D1352219EB435006AA998 /* DemoDay1UITests */ = {
			isa = PBXNativeTarget;
			buildConfigurationList = 6B9D1362219EB435006AA998 /* Build configuration list for PBXNativeTarget "DemoDay1UITests" */;
			buildPhases = (
				6B9D134F219EB435006AA998 /* Sources */,
				6B9D1350219EB435006AA998 /* Frameworks */,
				6B9D1351219EB435006AA998 /* Resources */,
			);
			buildRules = (
			);
			dependencies = (
				6B9D1355219EB435006AA998 /* PBXTargetDependency */,
			);
			name = DemoDay1UITests;
			productName = DemoDay1UITests;
			productReference = 6B9D1353219EB435006AA998 /* DemoDay1UITests.xctest */;
			productType = "com.apple.product-type.bundle.ui-testing";
		};
/* End PBXNativeTarget section */

/* Begin PBXProject section */
		6B9D132C219EB432006AA998 /* Project object */ = {
			isa = PBXProject;
			attributes = {
				LastSwiftUpdateCheck = 1010;
				LastUpgradeCheck = 1010;
				ORGANIZATIONNAME = "Nattapol Chittrichat";
				TargetAttributes = {
					6B9D1333219EB432006AA998 = {
						CreatedOnToolsVersion = 10.1;
					};
					6B9D1347219EB435006AA998 = {
						CreatedOnToolsVersion = 10.1;
						TestTargetID = 6B9D1333219EB432006AA998;
					};
					6B9D1352219EB435006AA998 = {
						CreatedOnToolsVersion = 10.1;
						TestTargetID = 6B9D1333219EB432006AA998;
					};
				};
			};
			buildConfigurationList = 6B9D132F219EB432006AA998 /* Build configuration list for PBXProject "DemoDay1" */;
			compatibilityVersion = "Xcode 9.3";
			developmentRegion = en;
			hasScannedForEncodings = 0;
			knownRegions = (
				en,
				Base,
			);
			mainGroup = 6B9D132B219EB432006AA998;
			productRefGroup = 6B9D1335219EB432006AA998 /* Products */;
			projectDirPath = "";
			projectRoot = "";
			targets = (
				6B9D1333219EB432006AA998 /* DemoDay1 */,
				6B9D1347219EB435006AA998 /* DemoDay1Tests */,
				6B9D1352219EB435006AA998 /* DemoDay1UITests */,
			);
		};
/* End PBXProject section */

/* Begin PBXResourcesBuildPhase section */
		6B9D1332219EB432006AA998 /* Resources */ = {
			isa = PBXResourcesBuildPhase;
			buildActionMask = 2147483647;
			files = (
				6B9D1342219EB435006AA998 /* LaunchScreen.storyboard in Resources */,
				6B9D133F219EB435006AA998 /* Assets.xcassets in Resources */,
				6B9D133D219EB432006AA998 /* Main.storyboard in Resources */,
			);
			runOnlyForDeploymentPostprocessing = 0;
		};
		6B9D1346219EB435006AA998 /* Resources */ = {
			isa = PBXResourcesBuildPhase;
			buildActionMask = 2147483647;
			files = (
			);
			runOnlyForDeploymentPostprocessing = 0;
		};
		6B9D1351219EB435006AA998 /* Resources */ = {
			isa = PBXResourcesBuildPhase;
			buildActionMask = 2147483647;
			files = (
			);
			runOnlyForDeploymentPostprocessing = 0;
		};
/* End PBXResourcesBuildPhase section */

/* Begin PBXSourcesBuildPhase section */
		6B9D1330219EB432006AA998 /* Sources */ = {
			isa = PBXSourcesBuildPhase;
			buildActionMask = 2147483647;
			files = (
				6B9D133A219EB432006AA998 /* ViewController.swift in Sources */,
				6B9D1338219EB432006AA998 /* AppDelegate.swift in Sources */,
			);
			runOnlyForDeploymentPostprocessing = 0;
		};
		6B9D1344219EB435006AA998 /* Sources */ = {
			isa = PBXSourcesBuildPhase;
			buildActionMask = 2147483647;
			files = (
				6B9D134D219EB435006AA998 /* DemoDay1Tests.swift in Sources */,
			);
			runOnlyForDeploymentPostprocessing = 0;
		};
		6B9D134F219EB435006AA998 /* Sources */ = {
			isa = PBXSourcesBuildPhase;
			buildActionMask = 2147483647;
			files = (
				6B9D1358219EB435006AA998 /* DemoDay1UITests.swift in Sources */,
			);
			runOnlyForDeploymentPostprocessing = 0;
		};
/* End PBXSourcesBuildPhase section */

/* Begin PBXTargetDependency section */
		6B9D134A219EB435006AA998 /* PBXTargetDependency */ = {
			isa = PBXTargetDependency;
			target = 6B9D1333219EB432006AA998 /* DemoDay1 */;
			targetProxy = 6B9D1349219EB435006AA998 /* PBXContainerItemProxy */;
		};
		6B9D1355219EB435006AA998 /* PBXTargetDependency */ = {
			isa = PBXTargetDependency;
			target = 6B9D1333219EB432006AA998 /* DemoDay1 */;
			targetProxy = 6B9D1354219EB435006AA998 /* PBXContainerItemProxy */;
		};
/* End PBXTargetDependency section */

/* Begin PBXVariantGroup section */
		6B9D133B219EB432006AA998 /* Main.storyboard */ = {
			isa = PBXVariantGroup;
			children = (
				6B9D133C219EB432006AA998 /* Base */,
			);
			name = Main.storyboard;
			sourceTree = "<group>";
		};
		6B9D1340219EB435006AA998 /* LaunchScreen.storyboard */ = {
			isa = PBXVariantGroup;
			children = (
				6B9D1341219EB435006AA998 /* Base */,
			);
			name = LaunchScreen.storyboard;
			sourceTree = "<group>";
		};
/* End PBXVariantGroup section */

/* Begin XCBuildConfiguration section */
		6B9D135A219EB435006AA998 /* Debug */ = {
			isa = XCBuildConfiguration;
			buildSettings = {
				ALWAYS_SEARCH_USER_PATHS = NO;
				CLANG_ANALYZER_NONNULL = YES;
				CLANG_ANALYZER_NUMBER_OBJECT_CONVERSION = YES_AGGRESSIVE;
				CLANG_CXX_LANGUAGE_STANDARD = "gnu++14";
				CLANG_CXX_LIBRARY = "libc++";
				CLANG_ENABLE_MODULES = YES;
				CLANG_ENABLE_OBJC_ARC = YES;
				CLANG_ENABLE_OBJC_WEAK = YES;
				CLANG_WARN_BLOCK_CAPTURE_AUTORELEASING = YES;
				CLANG_WARN_BOOL_CONVERSION = YES;
				CLANG_WARN_COMMA = YES;
				CLANG_WARN_CONSTANT_CONVERSION = YES;
				CLANG_WARN_DEPRECATED_OBJC_IMPLEMENTATIONS = YES;
				CLANG_WARN_DIRECT_OBJC_ISA_USAGE = YES_ERROR;
				CLANG_WARN_DOCUMENTATION_COMMENTS = YES;
				CLANG_WARN_EMPTY_BODY = YES;
				CLANG_WARN_ENUM_CONVERSION = YES;
				CLANG_WARN_INFINITE_RECURSION = YES;
				CLANG_WARN_INT_CONVERSION = YES;
				CLANG_WARN_NON_LITERAL_NULL_CONVERSION = YES;
				CLANG_WARN_OBJC_IMPLICIT_RETAIN_SELF = YES;
				CLANG_WARN_OBJC_LITERAL_CONVERSION = YES;
				CLANG_WARN_OBJC_ROOT_CLASS = YES_ERROR;
				CLANG_WARN_RANGE_LOOP_ANALYSIS = YES;
				CLANG_WARN_STRICT_PROTOTYPES = YES;
				CLANG_WARN_SUSPICIOUS_MOVE = YES;
				CLANG_WARN_UNGUARDED_AVAILABILITY = YES_AGGRESSIVE;
				CLANG_WARN_UNREACHABLE_CODE = YES;
				CLANG_WARN__DUPLICATE_METHOD_MATCH = YES;
				CODE_SIGN_IDENTITY = "iPhone Developer";
				COPY_PHASE_STRIP = NO;
				DEBUG_INFORMATION_FORMAT = dwarf;
				ENABLE_STRICT_OBJC_MSGSEND = YES;
				ENABLE_TESTABILITY = YES;
				GCC_C_LANGUAGE_STANDARD = gnu11;
				GCC_DYNAMIC_NO_PIC = NO;
				GCC_NO_COMMON_BLOCKS = YES;
				GCC_OPTIMIZATION_LEVEL = 0;
				GCC_PREPROCESSOR_DEFINITIONS = (
					"DEBUG=1",
					"$(inherited)",
				);
				GCC_WARN_64_TO_32_BIT_CONVERSION = YES;
				GCC_WARN_ABOUT_RETURN_TYPE = YES_ERROR;
				GCC_WARN_UNDECLARED_SELECTOR = YES;
				GCC_WARN_UNINITIALIZED_AUTOS = YES_AGGRESSIVE;
				GCC_WARN_UNUSED_FUNCTION = YES;
				GCC_WARN_UNUSED_VARIABLE = YES;
				IPHONEOS_DEPLOYMENT_TARGET = 12.1;
				MTL_ENABLE_DEBUG_INFO = INCLUDE_SOURCE;
				MTL_FAST_MATH = YES;
				ONLY_ACTIVE_ARCH = YES;
				SDKROOT = iphoneos;
				SWIFT_ACTIVE_COMPILATION_CONDITIONS = DEBUG;
				SWIFT_OPTIMIZATION_LEVEL = "-Onone";
			};
			name = Debug;
		};
		6B9D135B219EB435006AA998 /* Release */ = {
			isa = XCBuildConfiguration;
			buildSettings = {
				ALWAYS_SEARCH_USER_PATHS = NO;
				CLANG_ANALYZER_NONNULL = YES;
				CLANG_ANALYZER_NUMBER_OBJECT_CONVERSION = YES_AGGRESSIVE;
				CLANG_CXX_LANGUAGE_STANDARD = "gnu++14";
				CLANG_CXX_LIBRARY = "libc++";
				CLANG_ENABLE_MODULES = YES;
				CLANG_ENABLE_OBJC_ARC = YES;
				CLANG_ENABLE_OBJC_WEAK = YES;
				CLANG_WARN_BLOCK_CAPTURE_AUTORELEASING = YES;
				CLANG_WARN_BOOL_CONVERSION = YES;
				CLANG_WARN_COMMA = YES;
				CLANG_WARN_CONSTANT_CONVERSION = YES;
				CLANG_WARN_DEPRECATED_OBJC_IMPLEMENTATIONS = YES;
				CLANG_WARN_DIRECT_OBJC_ISA_USAGE = YES_ERROR;
				CLANG_WARN_DOCUMENTATION_COMMENTS = YES;
				CLANG_WARN_EMPTY_BODY = YES;
				CLANG_WARN_ENUM_CONVERSION = YES;
				CLANG_WARN_INFINITE_RECURSION = YES;
				CLANG_WARN_INT_CONVERSION = YES;
				CLANG_WARN_NON_LITERAL_NULL_CONVERSION = YES;
				CLANG_WARN_OBJC_IMPLICIT_RETAIN_SELF = YES;
				CLANG_WARN_OBJC_LITERAL_CONVERSION = YES;
				CLANG_WARN_OBJC_ROOT_CLASS = YES_ERROR;
				CLANG_WARN_RANGE_LOOP_ANALYSIS = YES;
				CLANG_WARN_STRICT_PROTOTYPES = YES;
				CLANG_WARN_SUSPICIOUS_MOVE = YES;
				CLANG_WARN_UNGUARDED_AVAILABILITY = YES_AGGRESSIVE;
				CLANG_WARN_UNREACHABLE_CODE = YES;
				CLANG_WARN__DUPLICATE_METHOD_MATCH = YES;
				CODE_SIGN_IDENTITY = "iPhone Developer";
				COPY_PHASE_STRIP = NO;
				DEBUG_INFORMATION_FORMAT = "dwarf-with-dsym";
				ENABLE_NS_ASSERTIONS = NO;
				ENABLE_STRICT_OBJC_MSGSEND = YES;
				GCC_C_LANGUAGE_STANDARD = gnu11;
				GCC_NO_COMMON_BLOCKS = YES;
				GCC_WARN_64_TO_32_BIT_CONVERSION = YES;
				GCC_WARN_ABOUT_RETURN_TYPE = YES_ERROR;
				GCC_WARN_UNDECLARED_SELECTOR = YES;
				GCC_WARN_UNINITIALIZED_AUTOS = YES_AGGRESSIVE;
				GCC_WARN_UNUSED_FUNCTION = YES;
				GCC_WARN_UNUSED_VARIABLE = YES;
				IPHONEOS_DEPLOYMENT_TARGET = 12.1;
				MTL_ENABLE_DEBUG_INFO = NO;
				MTL_FAST_MATH = YES;
				SDKROOT = iphoneos;
				SWIFT_COMPILATION_MODE = wholemodule;
				SWIFT_OPTIMIZATION_LEVEL = "-O";
				VALIDATE_PRODUCT = YES;
			};
			name = Release;
		};
		6B9D135D219EB435006AA998 /* Debug */ = {
			isa = XCBuildConfiguration;
			buildSettings = {
				ASSETCATALOG_COMPILER_APPICON_NAME = AppIcon;
				CODE_SIGN_STYLE = Automatic;
				INFOPLIST_FILE = DemoDay1/Info.plist;
				LD_RUNPATH_SEARCH_PATHS = (
					"$(inherited)",
					"@executable_path/Frameworks",
				);
				PRODUCT_BUNDLE_IDENTIFIER = com.tuktukpass.DemoDay1;
				PRODUCT_NAME = "$(TARGET_NAME)";
				SWIFT_VERSION = 4.2;
				TARGETED_DEVICE_FAMILY = "1,2";
			};
			name = Debug;
		};
		6B9D135E219EB435006AA998 /* Release */ = {
			isa = XCBuildConfiguration;
			buildSettings = {
				ASSETCATALOG_COMPILER_APPICON_NAME = AppIcon;
				CODE_SIGN_STYLE = Automatic;
				INFOPLIST_FILE = DemoDay1/Info.plist;
				LD_RUNPATH_SEARCH_PATHS = (
					"$(inherited)",
					"@executable_path/Frameworks",
				);
				PRODUCT_BUNDLE_IDENTIFIER = com.tuktukpass.DemoDay1;
				PRODUCT_NAME = "$(TARGET_NAME)";
				SWIFT_VERSION = 4.2;
				TARGETED_DEVICE_FAMILY = "1,2";
			};
			name = Release;
		};
		6B9D1360219EB435006AA998 /* Debug */ = {
			isa = XCBuildConfiguration;
			buildSettings = {
				ALWAYS_EMBED_SWIFT_STANDARD_LIBRARIES = YES;
				BUNDLE_LOADER = "$(TEST_HOST)";
				CODE_SIGN_STYLE = Automatic;
				INFOPLIST_FILE = DemoDay1Tests/Info.plist;
				LD_RUNPATH_SEARCH_PATHS = (
					"$(inherited)",
					"@executable_path/Frameworks",
					"@loader_path/Frameworks",
				);
				PRODUCT_BUNDLE_IDENTIFIER = com.tuktukpass.DemoDay1Tests;
				PRODUCT_NAME = "$(TARGET_NAME)";
				SWIFT_VERSION = 4.2;
				TARGETED_DEVICE_FAMILY = "1,2";
				TEST_HOST = "$(BUILT_PRODUCTS_DIR)/DemoDay1.app/DemoDay1";
			};
			name = Debug;
		};
		6B9D1361219EB435006AA998 /* Release */ = {
			isa = XCBuildConfiguration;
			buildSettings = {
				ALWAYS_EMBED_SWIFT_STANDARD_LIBRARIES = YES;
				BUNDLE_LOADER = "$(TEST_HOST)";
				CODE_SIGN_STYLE = Automatic;
				INFOPLIST_FILE = DemoDay1Tests/Info.plist;
				LD_RUNPATH_SEARCH_PATHS = (
					"$(inherited)",
					"@executable_path/Frameworks",
					"@loader_path/Frameworks",
				);
				PRODUCT_BUNDLE_IDENTIFIER = com.tuktukpass.DemoDay1Tests;
				PRODUCT_NAME = "$(TARGET_NAME)";
				SWIFT_VERSION = 4.2;
				TARGETED_DEVICE_FAMILY = "1,2";
				TEST_HOST = "$(BUILT_PRODUCTS_DIR)/DemoDay1.app/DemoDay1";
			};
			name = Release;
		};
		6B9D1363219EB435006AA998 /* Debug */ = {
			isa = XCBuildConfiguration;
			buildSettings = {
				ALWAYS_EMBED_SWIFT_STANDARD_LIBRARIES = YES;
				CODE_SIGN_STYLE = Automatic;
				INFOPLIST_FILE = DemoDay1UITests/Info.plist;
				LD_RUNPATH_SEARCH_PATHS = (
					"$(inherited)",
					"@executable_path/Frameworks",
					"@loader_path/Frameworks",
				);
				PRODUCT_BUNDLE_IDENTIFIER = com.tuktukpass.DemoDay1UITests;
				PRODUCT_NAME = "$(TARGET_NAME)";
				SWIFT_VERSION = 4.2;
				TARGETED_DEVICE_FAMILY = "1,2";
				TEST_TARGET_NAME = DemoDay1;
			};
			name = Debug;
		};
		6B9D1364219EB435006AA998 /* Release */ = {
			isa = XCBuildConfiguration;
			buildSettings = {
				ALWAYS_EMBED_SWIFT_STANDARD_LIBRARIES = YES;
				CODE_SIGN_STYLE = Automatic;
				INFOPLIST_FILE = DemoDay1UITests/Info.plist;
				LD_RUNPATH_SEARCH_PATHS = (
					"$(inherited)",
					"@executable_path/Frameworks",
					"@loader_path/Frameworks",
				);
				PRODUCT_BUNDLE_IDENTIFIER = com.tuktukpass.DemoDay1UITests;
				PRODUCT_NAME = "$(TARGET_NAME)";
				SWIFT_VERSION = 4.2;
				TARGETED_DEVICE_FAMILY = "1,2";
				TEST_TARGET_NAME = DemoDay1;
			};
			name = Release;
		};
/* End XCBuildConfiguration section */

/* Begin XCConfigurationList section */
		6B9D132F219EB432006AA998 /* Build configuration list for PBXProject "DemoDay1" */ = {
			isa = XCConfigurationList;
			buildConfigurations = (
				6B9D135A219EB435006AA998 /* Debug */,
				6B9D135B219EB435006AA998 /* Release */,
			);
			defaultConfigurationIsVisible = 0;
			defaultConfigurationName = Release;
		};
		6B9D135C219EB435006AA998 /* Build configuration list for PBXNativeTarget "DemoDay1" */ = {
			isa = XCConfigurationList;
			buildConfigurations = (
				6B9D135D219EB435006AA998 /* Debug */,
				6B9D135E219EB435006AA998 /* Release */,
			);
			defaultConfigurationIsVisible = 0;
			defaultConfigurationName = Release;
		};
		6B9D135F219EB435006AA998 /* Build configuration list for PBXNativeTarget "DemoDay1Tests" */ = {
			isa = XCConfigurationList;
			buildConfigurations = (
				6B9D1360219EB435006AA998 /* Debug */,
				6B9D1361219EB435006AA998 /* Release */,
			);
			defaultConfigurationIsVisible = 0;
			defaultConfigurationName = Release;
		};
		6B9D1362219EB435006AA998 /* Build configuration list for PBXNativeTarget "DemoDay1UITests" */ = {
			isa = XCConfigurationList;
			buildConfigurations = (
				6B9D1363219EB435006AA998 /* Debug */,
				6B9D1364219EB435006AA998 /* Release */,
			);
			defaultConfigurationIsVisible = 0;
			defaultConfigurationName = Release;
		};
/* End XCConfigurationList section */
	};
	rootObject = 6B9D132C219EB432006AA998 /* Project object */;
}
